environment:
  id: node-22
  description: |
    Node.js 22 eval environment. Used by SWE-bench JS/TS tasks and by
    forge-internal tasks that exercise the TypeScript control plane.
    Image is digest-pinned.
  base_image: node:22-slim@sha256:0000000000000000000000000000000000000000000000000000000000000000
  os: linux
  node_version: "22.12.0"
  pinned_packages:
    - typescript==5.7.2
    - pnpm==9.15.0
    - vitest==2.1.8
    - bun==1.1.42
  pinned_tools:
    - rg==14.1.0
    - fd==10.2.0
  default_budget:
    model_micros: 2000000
    compute_seconds: 300
    wall_clock_seconds: 600
    human_approvals: 0
  created_at: "2025-01-01T00:00:00Z"
  integrity:
    sbom: sha256:0000000000000000000000000000000000000000000000000000000000000000
    signature: null
